{
  "name": "redis",
  "version": "1.0.0",
  "lockfileVersion": 2,
  "requires": true,
  "packages": {
    "": {
      "name": "redis",
      "version": "1.0.0",
      "license": "ISC",
      "dependencies": {
        "librdkafka": "^0.0.0",
        "node-rdkafka": "^2.15.0",
        "redis": "^4.6.5"
      }
    },
    "node_modules/@redis/bloom": {
      "version": "1.2.0",
      "resolved": "https://msazure.pkgs.visualstudio.com/One/_packaging/Sentinel/npm/registry/@redis/bloom/-/bloom-1.2.0.tgz",
      "integrity": "sha1-0/1tPArz75LyZ2e1ZBSjcMe2O3E=",
      "license": "MIT",
      "peerDependencies": {
        "@redis/client": "^1.0.0"
      }
    },
    "node_modules/@redis/client": {
      "version": "1.5.6",
      "resolved": "https://msazure.pkgs.visualstudio.com/One/_packaging/Sentinel/npm/registry/@redis/client/-/client-1.5.6.tgz",
      "integrity": "sha1-hpzGVxjX1Uk+9lWnHcQPO8ZKGyg=",
      "license": "MIT",
      "dependencies": {
        "cluster-key-slot": "1.1.2",
        "generic-pool": "3.9.0",
        "yallist": "4.0.0"
      },
      "engines": {
        "node": ">=14"
      }
    },
    "node_modules/@redis/graph": {
      "version": "1.1.0",
      "resolved": "https://msazure.pkgs.visualstudio.com/One/_packaging/Sentinel/npm/registry/@redis/graph/-/graph-1.1.0.tgz",
      "integrity": "sha1-zCuC5RQaKa2izOfSZ6a3S6pt1Rk=",
      "license": "MIT",
      "peerDependencies": {
        "@redis/client": "^1.0.0"
      }
    },
    "node_modules/@redis/json": {
      "version": "1.0.4",
      "resolved": "https://msazure.pkgs.visualstudio.com/One/_packaging/Sentinel/npm/registry/@redis/json/-/json-1.0.4.tgz",
      "integrity": "sha1-83K1+TMk5v+38Wqty8tOXD05vaE=",
      "license": "MIT",
      "peerDependencies": {
        "@redis/client": "^1.0.0"
      }
    },
    "node_modules/@redis/search": {
      "version": "1.1.2",
      "resolved": "https://msazure.pkgs.visualstudio.com/One/_packaging/Sentinel/npm/registry/@redis/search/-/search-1.1.2.tgz",
      "integrity": "sha1-ao9mupCBLTnCRXQg+FnOj72PODg=",
      "license": "MIT",
      "peerDependencies": {
        "@redis/client": "^1.0.0"
      }
    },
    "node_modules/@redis/time-series": {
      "version": "1.0.4",
      "resolved": "https://msazure.pkgs.visualstudio.com/One/_packaging/Sentinel/npm/registry/@redis/time-series/-/time-series-1.0.4.tgz",
      "integrity": "sha1-r4XrCA9pNFgOTTtYBGAmtsKxhxc=",
      "license": "MIT",
      "peerDependencies": {
        "@redis/client": "^1.0.0"
      }
    },
    "node_modules/bindings": {
      "version": "1.5.0",
      "resolved": "https://msazure.pkgs.visualstudio.com/One/_packaging/Sentinel/npm/registry/bindings/-/bindings-1.5.0.tgz",
      "integrity": "sha1-EDU8npRTNLwFEabZCzj7x8nFBN8=",
      "license": "MIT",
      "dependencies": {
        "file-uri-to-path": "1.0.0"
      }
    },
    "node_modules/cluster-key-slot": {
      "version": "1.1.2",
      "resolved": "https://msazure.pkgs.visualstudio.com/One/_packaging/Sentinel/npm/registry/cluster-key-slot/-/cluster-key-slot-1.1.2.tgz",
      "integrity": "sha1-iN2qRpBuMDtd4w0xU7fZ/goMGaw=",
      "license": "Apache-2.0",
      "engines": {
        "node": ">=0.10.0"
      }
    },
    "node_modules/file-uri-to-path": {
      "version": "1.0.0",
      "resolved": "https://msazure.pkgs.visualstudio.com/One/_packaging/Sentinel/npm/registry/file-uri-to-path/-/file-uri-to-path-1.0.0.tgz",
      "integrity": "sha1-VTp7hEb/b2hDWcRF8eN6BdrMM90=",
      "license": "MIT"
    },
    "node_modules/generic-pool": {
      "version": "3.9.0",
      "resolved": "https://msazure.pkgs.visualstudio.com/One/_packaging/Sentinel/npm/registry/generic-pool/-/generic-pool-3.9.0.tgz",
      "integrity": "sha1-NvSmeOlj9P24cH6rBQgjq8To9eQ=",
      "license": "MIT",
      "engines": {
        "node": ">= 4"
      }
    },
    "node_modules/librdkafka": {
      "version": "0.0.0",
      "resolved": "https://msazure.pkgs.visualstudio.com/One/_packaging/Sentinel/npm/registry/librdkafka/-/librdkafka-0.0.0.tgz",
      "integrity": "sha1-5FXzfP8ij/yFdpf7uG2uZXrigVo=",
      "license": "MIT"
    },
    "node_modules/nan": {
      "version": "2.17.0",
      "resolved": "https://msazure.pkgs.visualstudio.com/One/_packaging/Sentinel/npm/registry/nan/-/nan-2.17.0.tgz",
      "integrity": "sha1-wBUKI2ihgvAz6apRlex26kGhmcs=",
      "license": "MIT"
    },
    "node_modules/node-rdkafka": {
      "version": "2.15.0",
      "resolved": "https://msazure.pkgs.visualstudio.com/One/_packaging/Sentinel/npm/registry/node-rdkafka/-/node-rdkafka-2.15.0.tgz",
      "integrity": "sha1-qu5ul5Minn8CnwFKHEQGf1840hw=",
      "hasInstallScript": true,
      "license": "MIT",
      "dependencies": {
        "bindings": "^1.3.1",
        "nan": "^2.17.0"
      },
      "engines": {
        "node": ">=6.0.0"
      }
    },
    "node_modules/redis": {
      "version": "4.6.5",
      "resolved": "https://msazure.pkgs.visualstudio.com/One/_packaging/Sentinel/npm/registry/redis/-/redis-4.6.5.tgz",
      "integrity": "sha1-8y+95EQp6W9WK7DJsdsBQ6uM+k8=",
      "license": "MIT",
      "workspaces": [
        "./packages/*"
      ],
      "dependencies": {
        "@redis/bloom": "1.2.0",
        "@redis/client": "1.5.6",
        "@redis/graph": "1.1.0",
        "@redis/json": "1.0.4",
        "@redis/search": "1.1.2",
        "@redis/time-series": "1.0.4"
      }
    },
    "node_modules/yallist": {
      "version": "4.0.0",
      "resolved": "https://msazure.pkgs.visualstudio.com/One/_packaging/Sentinel/npm/registry/yallist/-/yallist-4.0.0.tgz",
      "integrity": "sha1-m7knkNnA7/7GO+c1GeEaNQGaOnI=",
      "license": "ISC"
    }
  },
  "dependencies": {
    "@redis/bloom": {
      "version": "1.2.0",
      "resolved": "https://msazure.pkgs.visualstudio.com/One/_packaging/Sentinel/npm/registry/@redis/bloom/-/bloom-1.2.0.tgz",
      "integrity": "sha1-0/1tPArz75LyZ2e1ZBSjcMe2O3E=",
      "requires": {}
    },
    "@redis/client": {
      "version": "1.5.6",
      "resolved": "https://msazure.pkgs.visualstudio.com/One/_packaging/Sentinel/npm/registry/@redis/client/-/client-1.5.6.tgz",
      "integrity": "sha1-hpzGVxjX1Uk+9lWnHcQPO8ZKGyg=",
      "requires": {
        "cluster-key-slot": "1.1.2",
        "generic-pool": "3.9.0",
        "yallist": "4.0.0"
      }
    },
    "@redis/graph": {
      "version": "1.1.0",
      "resolved": "https://msazure.pkgs.visualstudio.com/One/_packaging/Sentinel/npm/registry/@redis/graph/-/graph-1.1.0.tgz",
      "integrity": "sha1-zCuC5RQaKa2izOfSZ6a3S6pt1Rk=",
      "requires": {}
    },
    "@redis/json": {
      "version": "1.0.4",
      "resolved": "https://msazure.pkgs.visualstudio.com/One/_packaging/Sentinel/npm/registry/@redis/json/-/json-1.0.4.tgz",
      "integrity": "sha1-83K1+TMk5v+38Wqty8tOXD05vaE=",
      "requires": {}
    },
    "@redis/search": {
      "version": "1.1.2",
      "resolved": "https://msazure.pkgs.visualstudio.com/One/_packaging/Sentinel/npm/registry/@redis/search/-/search-1.1.2.tgz",
      "integrity": "sha1-ao9mupCBLTnCRXQg+FnOj72PODg=",
      "requires": {}
    },
    "@redis/time-series": {
      "version": "1.0.4",
      "resolved": "https://msazure.pkgs.visualstudio.com/One/_packaging/Sentinel/npm/registry/@redis/time-series/-/time-series-1.0.4.tgz",
      "integrity": "sha1-r4XrCA9pNFgOTTtYBGAmtsKxhxc=",
      "requires": {}
    },
    "bindings": {
      "version": "1.5.0",
      "resolved": "https://msazure.pkgs.visualstudio.com/One/_packaging/Sentinel/npm/registry/bindings/-/bindings-1.5.0.tgz",
      "integrity": "sha1-EDU8npRTNLwFEabZCzj7x8nFBN8=",
      "requires": {
        "file-uri-to-path": "1.0.0"
      }
    },
    "cluster-key-slot": {
      "version": "1.1.2",
      "resolved": "https://msazure.pkgs.visualstudio.com/One/_packaging/Sentinel/npm/registry/cluster-key-slot/-/cluster-key-slot-1.1.2.tgz",
      "integrity": "sha1-iN2qRpBuMDtd4w0xU7fZ/goMGaw="
    },
    "file-uri-to-path": {
      "version": "1.0.0",
      "resolved": "https://msazure.pkgs.visualstudio.com/One/_packaging/Sentinel/npm/registry/file-uri-to-path/-/file-uri-to-path-1.0.0.tgz",
      "integrity": "sha1-VTp7hEb/b2hDWcRF8eN6BdrMM90="
    },
    "generic-pool": {
      "version": "3.9.0",
      "resolved": "https://msazure.pkgs.visualstudio.com/One/_packaging/Sentinel/npm/registry/generic-pool/-/generic-pool-3.9.0.tgz",
      "integrity": "sha1-NvSmeOlj9P24cH6rBQgjq8To9eQ="
    },
    "librdkafka": {
      "version": "0.0.0",
      "resolved": "https://msazure.pkgs.visualstudio.com/One/_packaging/Sentinel/npm/registry/librdkafka/-/librdkafka-0.0.0.tgz",
      "integrity": "sha1-5FXzfP8ij/yFdpf7uG2uZXrigVo="
    },
    "nan": {
      "version": "2.17.0",
      "resolved": "https://msazure.pkgs.visualstudio.com/One/_packaging/Sentinel/npm/registry/nan/-/nan-2.17.0.tgz",
      "integrity": "sha1-wBUKI2ihgvAz6apRlex26kGhmcs="
    },
    "node-rdkafka": {
      "version": "2.15.0",
      "resolved": "https://msazure.pkgs.visualstudio.com/One/_packaging/Sentinel/npm/registry/node-rdkafka/-/node-rdkafka-2.15.0.tgz",
      "integrity": "sha1-qu5ul5Minn8CnwFKHEQGf1840hw=",
      "requires": {
        "bindings": "^1.3.1",
        "nan": "^2.17.0"
      }
    },
    "redis": {
      "version": "4.6.5",
      "resolved": "https://msazure.pkgs.visualstudio.com/One/_packaging/Sentinel/npm/registry/redis/-/redis-4.6.5.tgz",
      "integrity": "sha1-8y+95EQp6W9WK7DJsdsBQ6uM+k8=",
      "requires": {
        "@redis/bloom": "1.2.0",
        "@redis/client": "1.5.6",
        "@redis/graph": "1.1.0",
        "@redis/json": "1.0.4",
        "@redis/search": "1.1.2",
        "@redis/time-series": "1.0.4"
      }
    },
    "yallist": {
      "version": "4.0.0",
      "resolved": "https://msazure.pkgs.visualstudio.com/One/_packaging/Sentinel/npm/registry/yallist/-/yallist-4.0.0.tgz",
      "integrity": "sha1-m7knkNnA7/7GO+c1GeEaNQGaOnI="
    }
  }
}
